
Microsoft Visual Studio Solution File, Format Version 12.00
# Visual Studio Version 17
VisualStudioVersion = 17.8.34511.84
MinimumVisualStudioVersion = 10.0.40219.1
Project("{FAE04EC0-301F-11D3-BF4B-00C04F79EFBC}") = "week2app", "week2app\week2app.csproj", "{F7BAD184-0794-4F68-A5F6-50CA6737876C}"
EndProject
Global
	GlobalSection(SolutionConfigurationPlatforms) = preSolution
		Debug|Any CPU = Debug|Any CPU
		Release|Any CPU = Release|Any CPU
	EndGlobalSection
	GlobalSection(ProjectConfigurationPlatforms) = postSolution
		{F7BAD184-0794-4F68-A5F6-50CA6737876C}.Debug|Any CPU.ActiveCfg = Debug|Any CPU
		{F7BAD184-0794-4F68-A5F6-50CA6737876C}.Debug|Any CPU.Build.0 = Debug|Any CPU
		{F7BAD184-0794-4F68-A5F6-50CA6737876C}.Release|Any CPU.ActiveCfg = Release|Any CPU
		{F7BAD184-0794-4F68-A5F6-50CA6737876C}.Release|Any CPU.Build.0 = Release|Any CPU
	EndGlobalSection
	GlobalSection(SolutionProperties) = preSolution
		HideSolutionNode = FALSE
	EndGlobalSection
	GlobalSection(ExtensibilityGlobals) = postSolution
		SolutionGuid = {DD876ECE-AF72-4856-827C-C4843EE033AE}
	EndGlobalSection
EndGlobal
