
Microsoft Visual Studio Solution File, Format Version 12.00
# Visual Studio Version 17
VisualStudioVersion = 17.8.34511.84
MinimumVisualStudioVersion = 10.0.40219.1
Project("{FAE04EC0-301F-11D3-BF4B-00C04F79EFBC}") = "Gameweek2", "Gameweek2\Gameweek2.csproj", "{F6EF7FF6-EFCA-49B5-BDBB-D40ABCE770EB}"
EndProject
Global
	GlobalSection(SolutionConfigurationPlatforms) = preSolution
		Debug|Any CPU = Debug|Any CPU
		Release|Any CPU = Release|Any CPU
	EndGlobalSection
	GlobalSection(ProjectConfigurationPlatforms) = postSolution
		{F6EF7FF6-EFCA-49B5-BDBB-D40ABCE770EB}.Debug|Any CPU.ActiveCfg = Debug|Any CPU
		{F6EF7FF6-EFCA-49B5-BDBB-D40ABCE770EB}.Debug|Any CPU.Build.0 = Debug|Any CPU
		{F6EF7FF6-EFCA-49B5-BDBB-D40ABCE770EB}.Release|Any CPU.ActiveCfg = Release|Any CPU
		{F6EF7FF6-EFCA-49B5-BDBB-D40ABCE770EB}.Release|Any CPU.Build.0 = Release|Any CPU
	EndGlobalSection
	GlobalSection(SolutionProperties) = preSolution
		HideSolutionNode = FALSE
	EndGlobalSection
	GlobalSection(ExtensibilityGlobals) = postSolution
		SolutionGuid = {30B7F8D0-F0BA-413F-9853-43EDA051F2DA}
	EndGlobalSection
EndGlobal
