
Microsoft Visual Studio Solution File, Format Version 12.00
# Visual Studio Version 17
VisualStudioVersion = 17.8.34511.84
MinimumVisualStudioVersion = 10.0.40219.1
Project("{FAE04EC0-301F-11D3-BF4B-00C04F79EFBC}") = "Task4Book", "Task4Book\Task4Book.csproj", "{79EAE0B7-4535-43CA-94FE-934FB0A8BBF2}"
EndProject
Global
	GlobalSection(SolutionConfigurationPlatforms) = preSolution
		Debug|Any CPU = Debug|Any CPU
		Release|Any CPU = Release|Any CPU
	EndGlobalSection
	GlobalSection(ProjectConfigurationPlatforms) = postSolution
		{79EAE0B7-4535-43CA-94FE-934FB0A8BBF2}.Debug|Any CPU.ActiveCfg = Debug|Any CPU
		{79EAE0B7-4535-43CA-94FE-934FB0A8BBF2}.Debug|Any CPU.Build.0 = Debug|Any CPU
		{79EAE0B7-4535-43CA-94FE-934FB0A8BBF2}.Release|Any CPU.ActiveCfg = Release|Any CPU
		{79EAE0B7-4535-43CA-94FE-934FB0A8BBF2}.Release|Any CPU.Build.0 = Release|Any CPU
	EndGlobalSection
	GlobalSection(SolutionProperties) = preSolution
		HideSolutionNode = FALSE
	EndGlobalSection
	GlobalSection(ExtensibilityGlobals) = postSolution
		SolutionGuid = {214B8A39-5B66-4AB9-B911-DA302BF2AE24}
	EndGlobalSection
EndGlobal
